// !$*UTF8*$!
{
	archiveVersion = 1;
	classes = {
	};
	objectVersion = 50;
	objects = {

/* Begin PBXBuildFile section */
		73F5180F23141C3F00E263FE /* AppDelegate.swift in Sources */ = {isa = PBXBuildFile; fileRef = 73F5180E23141C3F00E263FE /* AppDelegate.swift */; };
		73F5181123141C3F00E263FE /* ViewController.swift in Sources */ = {isa = PBXBuildFile; fileRef = 73F5181023141C3F00E263FE /* ViewController.swift */; };
		73F5181423141C3F00E263FE /* Main.storyboard in Resources */ = {isa = PBXBuildFile; fileRef = 73F5181223141C3F00E263FE /* Main.storyboard */; };
		73F5181623141C4000E263FE /* Assets.xcassets in Resources */ = {isa = PBXBuildFile; fileRef = 73F5181523141C4000E263FE /* Assets.xcassets */; };
		73F5181923141C4000E263FE /* LaunchScreen.storyboard in Resources */ = {isa = PBXBuildFile; fileRef = 73F5181723141C4000E263FE /* LaunchScreen.storyboard */; };
		73F5182323141CDA00E263FE /* ExampleClass.m in Sources */ = {isa = PBXBuildFile; fileRef = 73F5182223141CDA00E263FE /* ExampleClass.m */; };
/* End PBXBuildFile section */

/* Begin PBXFileReference section */
		73F5180B23141C3F00E263FE /* SwiftObjectiveCProject.app */ = {isa = PBXFileReference; explicitFileType = wrapper.application; includeInIndex = 0; path = SwiftObjectiveCProject.app; sourceTree = BUILT_PRODUCTS_DIR; };
		73F5180E23141C3F00E263FE /* AppDelegate.swift */ = {isa = PBXFileReference; lastKnownFileType = sourcecode.swift; path = AppDelegate.swift; sourceTree = "<group>"; };
		73F5181023141C3F00E263FE /* ViewController.swift */ = {isa = PBXFileReference; lastKnownFileType = sourcecode.swift; path = ViewController.swift; sourceTree = "<group>"; };
		73F5181323141C3F00E263FE /* Base */ = {isa = PBXFileReference; lastKnownFileType = file.storyboard; name = Base; path = Base.lproj/Main.storyboard; sourceTree = "<group>"; };
		73F5181523141C4000E263FE /* Assets.xcassets */ = {isa = PBXFileReference; lastKnownFileType = folder.assetcatalog; path = Assets.xcassets; sourceTree = "<group>"; };
		73F5181823141C4000E263FE /* Base */ = {isa = PBXFileReference; lastKnownFileType = file.storyboard; name = Base; path = Base.lproj/LaunchScreen.storyboard; sourceTree = "<group>"; };
		73F5181A23141C4000E263FE /* Info.plist */ = {isa = PBXFileReference; lastKnownFileType = text.plist.xml; path = Info.plist; sourceTree = "<group>"; };
		73F5182023141C6000E263FE /* exampleClass.h */ = {isa = PBXFileReference; lastKnownFileType = sourcecode.c.h; path = exampleClass.h; sourceTree = "<group>"; };
		73F5182123141CDA00E263FE /* SwiftObjectiveCProject-Bridging-Header.h */ = {isa = PBXFileReference; lastKnownFileType = sourcecode.c.h; path = "SwiftObjectiveCProject-Bridging-Header.h"; sourceTree = "<group>"; };
		73F5182223141CDA00E263FE /* ExampleClass.m */ = {isa = PBXFileReference; lastKnownFileType = sourcecode.c.objc; path = ExampleClass.m; sourceTree = "<group>"; };
/* End PBXFileReference section */

/* Begin PBXFrameworksBuildPhase section */
		73F5180823141C3F00E263FE /* Frameworks */ = {
			isa = PBXFrameworksBuildPhase;
			buildActionMask = 2147483647;
			files = (
			);
			runOnlyForDeploymentPostprocessing = 0;
		};
/* End PBXFrameworksBuildPhase section */

/* Begin PBXGroup section */
		73F5180223141C3F00E263FE = {
			isa = PBXGroup;
			children = (
				73F5180D23141C3F00E263FE /* SwiftObjectiveCProject */,
				73F5180C23141C3F00E263FE /* Products */,
			);
			sourceTree = "<group>";
		};
		73F5180C23141C3F00E263FE /* Products */ = {
			isa = PBXGroup;
			children = (
				73F5180B23141C3F00E263FE /* SwiftObjectiveCProject.app */,
			);
			name = Products;
			sourceTree = "<group>";
		};
		73F5180D23141C3F00E263FE /* SwiftObjectiveCProject */ = {
			isa = PBXGroup;
			children = (
				73F5180E23141C3F00E263FE /* AppDelegate.swift */,
				73F5181023141C3F00E263FE /* ViewController.swift */,
				73F5181223141C3F00E263FE /* Main.storyboard */,
				73F5181523141C4000E263FE /* Assets.xcassets */,
				73F5181723141C4000E263FE /* LaunchScreen.storyboard */,
				73F5181A23141C4000E263FE /* Info.plist */,
				73F5182023141C6000E263FE /* exampleClass.h */,
				73F5182223141CDA00E263FE /* ExampleClass.m */,
				73F5182123141CDA00E263FE /* SwiftObjectiveCProject-Bridging-Header.h */,
			);
			path = SwiftObjectiveCProject;
			sourceTree = "<group>";
		};
/* End PBXGroup section */

/* Begin PBXNativeTarget section */
		73F5180A23141C3F00E263FE /* SwiftObjectiveCProject */ = {
			isa = PBXNativeTarget;
			buildConfigurationList = 73F5181D23141C4000E263FE /* Build configuration list for PBXNativeTarget "SwiftObjectiveCProject" */;
			buildPhases = (
				73F5180723141C3F00E263FE /* Sources */,
				73F5180823141C3F00E263FE /* Frameworks */,
				73F5180923141C3F00E263FE /* Resources */,
			);
			buildRules = (
			);
			dependencies = (
			);
			name = SwiftObjectiveCProject;
			productName = SwiftObjectiveCProject;
			productReference = 73F5180B23141C3F00E263FE /* SwiftObjectiveCProject.app */;
			productType = "com.apple.product-type.application";
		};
/* End PBXNativeTarget section */

/* Begin PBXProject section */
		73F5180323141C3F00E263FE /* Project object */ = {
			isa = PBXProject;
			attributes = {
				LastSwiftUpdateCheck = 1030;
				LastUpgradeCheck = 1030;
				ORGANIZATIONNAME = "Brian Njoku";
				TargetAttributes = {
					73F5180A23141C3F00E263FE = {
						CreatedOnToolsVersion = 10.3;
						LastSwiftMigration = 1030;
					};
				};
			};
			buildConfigurationList = 73F5180623141C3F00E263FE /* Build configuration list for PBXProject "SwiftObjectiveCProject" */;
			compatibilityVersion = "Xcode 9.3";
			developmentRegion = en;
			hasScannedForEncodings = 0;
			knownRegions = (
				en,
				Base,
			);
			mainGroup = 73F5180223141C3F00E263FE;
			productRefGroup = 73F5180C23141C3F00E263FE /* Products */;
			projectDirPath = "";
			projectRoot = "";
			targets = (
				73F5180A23141C3F00E263FE /* SwiftObjectiveCProject */,
			);
		};
/* End PBXProject section */

/* Begin PBXResourcesBuildPhase section */
		73F5180923141C3F00E263FE /* Resources */ = {
			isa = PBXResourcesBuildPhase;
			buildActionMask = 2147483647;
			files = (
				73F5181923141C4000E263FE /* LaunchScreen.storyboard in Resources */,
				73F5181623141C4000E263FE /* Assets.xcassets in Resources */,
				73F5181423141C3F00E263FE /* Main.storyboard in Resources */,
			);
			runOnlyForDeploymentPostprocessing = 0;
		};
/* End PBXResourcesBuildPhase section */

/* Begin PBXSourcesBuildPhase section */
		73F5180723141C3F00E263FE /* Sources */ = {
			isa = PBXSourcesBuildPhase;
			buildActionMask = 2147483647;
			files = (
				73F5182323141CDA00E263FE /* ExampleClass.m in Sources */,
				73F5181123141C3F00E263FE /* ViewController.swift in Sources */,
				73F5180F23141C3F00E263FE /* AppDelegate.swift in Sources */,
			);
			runOnlyForDeploymentPostprocessing = 0;
		};
/* End PBXSourcesBuildPhase section */

/* Begin PBXVariantGroup section */
		73F5181223141C3F00E263FE /* Main.storyboard */ = {
			isa = PBXVariantGroup;
			children = (
				73F5181323141C3F00E263FE /* Base */,
			);
			name = Main.storyboard;
			sourceTree = "<group>";
		};
		73F5181723141C4000E263FE /* LaunchScreen.storyboard */ = {
			isa = PBXVariantGroup;
			children = (
				73F5181823141C4000E263FE /* Base */,
			);
			name = LaunchScreen.storyboard;
			sourceTree = "<group>";
		};
/* End PBXVariantGroup section */

/* Begin XCBuildConfiguration section */
		73F5181B23141C4000E263FE /* Debug */ = {
			isa = XCBuildConfiguration;
			buildSettings = {
				ALWAYS_SEARCH_USER_PATHS = NO;
				CLANG_ANALYZER_NONNULL = YES;
				CLANG_ANALYZER_NUMBER_OBJECT_CONVERSION = YES_AGGRESSIVE;
				CLANG_CXX_LANGUAGE_STANDARD = "gnu++14";
				CLANG_CXX_LIBRARY = "libc++";
				CLANG_ENABLE_MODULES = YES;
				CLANG_ENABLE_OBJC_ARC = YES;
				CLANG_ENABLE_OBJC_WEAK = YES;
				CLANG_WARN_BLOCK_CAPTURE_AUTORELEASING = YES;
				CLANG_WARN_BOOL_CONVERSION = YES;
				CLANG_WARN_COMMA = YES;
				CLANG_WARN_CONSTANT_CONVERSION = YES;
				CLANG_WARN_DEPRECATED_OBJC_IMPLEMENTATIONS = YES;
				CLANG_WARN_DIRECT_OBJC_ISA_USAGE = YES_ERROR;
				CLANG_WARN_DOCUMENTATION_COMMENTS = YES;
				CLANG_WARN_EMPTY_BODY = YES;
				CLANG_WARN_ENUM_CONVERSION = YES;
				CLANG_WARN_INFINITE_RECURSION = YES;
				CLANG_WARN_INT_CONVERSION = YES;
				CLANG_WARN_NON_LITERAL_NULL_CONVERSION = YES;
				CLANG_WARN_OBJC_IMPLICIT_RETAIN_SELF = YES;
				CLANG_WARN_OBJC_LITERAL_CONVERSION = YES;
				CLANG_WARN_OBJC_ROOT_CLASS = YES_ERROR;
				CLANG_WARN_RANGE_LOOP_ANALYSIS = YES;
				CLANG_WARN_STRICT_PROTOTYPES = YES;
				CLANG_WARN_SUSPICIOUS_MOVE = YES;
				CLANG_WARN_UNGUARDED_AVAILABILITY = YES_AGGRESSIVE;
				CLANG_WARN_UNREACHABLE_CODE = YES;
				CLANG_WARN__DUPLICATE_METHOD_MATCH = YES;
				CODE_SIGN_IDENTITY = "iPhone Developer";
				COPY_PHASE_STRIP = NO;
				DEBUG_INFORMATION_FORMAT = dwarf;
				ENABLE_STRICT_OBJC_MSGSEND = YES;
				ENABLE_TESTABILITY = YES;
				GCC_C_LANGUAGE_STANDARD = gnu11;
				GCC_DYNAMIC_NO_PIC = NO;
				GCC_NO_COMMON_BLOCKS = YES;
				GCC_OPTIMIZATION_LEVEL = 0;
				GCC_PREPROCESSOR_DEFINITIONS = (
					"DEBUG=1",
					"$(inherited)",
				);
				GCC_WARN_64_TO_32_BIT_CONVERSION = YES;
				GCC_WARN_ABOUT_RETURN_TYPE = YES_ERROR;
				GCC_WARN_UNDECLARED_SELECTOR = YES;
				GCC_WARN_UNINITIALIZED_AUTOS = YES_AGGRESSIVE;
				GCC_WARN_UNUSED_FUNCTION = YES;
				GCC_WARN_UNUSED_VARIABLE = YES;
				IPHONEOS_DEPLOYMENT_TARGET = 12.4;
				MTL_ENABLE_DEBUG_INFO = INCLUDE_SOURCE;
				MTL_FAST_MATH = YES;
				ONLY_ACTIVE_ARCH = YES;
				SDKROOT = iphoneos;
				SWIFT_ACTIVE_COMPILATION_CONDITIONS = DEBUG;
				SWIFT_OPTIMIZATION_LEVEL = "-Onone";
			};
			name = Debug;
		};
		73F5181C23141C4000E263FE /* Release */ = {
			isa = XCBuildConfiguration;
			buildSettings = {
				ALWAYS_SEARCH_USER_PATHS = NO;
				CLANG_ANALYZER_NONNULL = YES;
				CLANG_ANALYZER_NUMBER_OBJECT_CONVERSION = YES_AGGRESSIVE;
				CLANG_CXX_LANGUAGE_STANDARD = "gnu++14";
				CLANG_CXX_LIBRARY = "libc++";
				CLANG_ENABLE_MODULES = YES;
				CLANG_ENABLE_OBJC_ARC = YES;
				CLANG_ENABLE_OBJC_WEAK = YES;
				CLANG_WARN_BLOCK_CAPTURE_AUTORELEASING = YES;
				CLANG_WARN_BOOL_CONVERSION = YES;
				CLANG_WARN_COMMA = YES;
				CLANG_WARN_CONSTANT_CONVERSION = YES;
				CLANG_WARN_DEPRECATED_OBJC_IMPLEMENTATIONS = YES;
				CLANG_WARN_DIRECT_OBJC_ISA_USAGE = YES_ERROR;
				CLANG_WARN_DOCUMENTATION_COMMENTS = YES;
				CLANG_WARN_EMPTY_BODY = YES;
				CLANG_WARN_ENUM_CONVERSION = YES;
				CLANG_WARN_INFINITE_RECURSION = YES;
				CLANG_WARN_INT_CONVERSION = YES;
				CLANG_WARN_NON_LITERAL_NULL_CONVERSION = YES;
				CLANG_WARN_OBJC_IMPLICIT_RETAIN_SELF = YES;
				CLANG_WARN_OBJC_LITERAL_CONVERSION = YES;
				CLANG_WARN_OBJC_ROOT_CLASS = YES_ERROR;
				CLANG_WARN_RANGE_LOOP_ANALYSIS = YES;
				CLANG_WARN_STRICT_PROTOTYPES = YES;
				CLANG_WARN_SUSPICIOUS_MOVE = YES;
				CLANG_WARN_UNGUARDED_AVAILABILITY = YES_AGGRESSIVE;
				CLANG_WARN_UNREACHABLE_CODE = YES;
				CLANG_WARN__DUPLICATE_METHOD_MATCH = YES;
				CODE_SIGN_IDENTITY = "iPhone Developer";
				COPY_PHASE_STRIP = NO;
				DEBUG_INFORMATION_FORMAT = "dwarf-with-dsym";
				ENABLE_NS_ASSERTIONS = NO;
				ENABLE_STRICT_OBJC_MSGSEND = YES;
				GCC_C_LANGUAGE_STANDARD = gnu11;
				GCC_NO_COMMON_BLOCKS = YES;
				GCC_WARN_64_TO_32_BIT_CONVERSION = YES;
				GCC_WARN_ABOUT_RETURN_TYPE = YES_ERROR;
				GCC_WARN_UNDECLARED_SELECTOR = YES;
				GCC_WARN_UNINITIALIZED_AUTOS = YES_AGGRESSIVE;
				GCC_WARN_UNUSED_FUNCTION = YES;
				GCC_WARN_UNUSED_VARIABLE = YES;
				IPHONEOS_DEPLOYMENT_TARGET = 12.4;
				MTL_ENABLE_DEBUG_INFO = NO;
				MTL_FAST_MATH = YES;
				SDKROOT = iphoneos;
				SWIFT_COMPILATION_MODE = wholemodule;
				SWIFT_OPTIMIZATION_LEVEL = "-O";
				VALIDATE_PRODUCT = YES;
			};
			name = Release;
		};
		73F5181E23141C4000E263FE /* Debug */ = {
			isa = XCBuildConfiguration;
			buildSettings = {
				ASSETCATALOG_COMPILER_APPICON_NAME = AppIcon;
				CLANG_ENABLE_MODULES = YES;
				CODE_SIGN_STYLE = Automatic;
				INFOPLIST_FILE = SwiftObjectiveCProject/Info.plist;
				LD_RUNPATH_SEARCH_PATHS = (
					"$(inherited)",
					"@executable_path/Frameworks",
				);
				PRODUCT_BUNDLE_IDENTIFIER = BN.SwiftObjectiveCProject;
				PRODUCT_NAME = "$(TARGET_NAME)";
				SWIFT_OBJC_BRIDGING_HEADER = "SwiftObjectiveCProject/SwiftObjectiveCProject-Bridging-Header.h";
				SWIFT_OPTIMIZATION_LEVEL = "-Onone";
				SWIFT_VERSION = 5.0;
				TARGETED_DEVICE_FAMILY = "1,2";
			};
			name = Debug;
		};
		73F5181F23141C4000E263FE /* Release */ = {
			isa = XCBuildConfiguration;
			buildSettings = {
				ASSETCATALOG_COMPILER_APPICON_NAME = AppIcon;
				CLANG_ENABLE_MODULES = YES;
				CODE_SIGN_STYLE = Automatic;
				INFOPLIST_FILE = SwiftObjectiveCProject/Info.plist;
				LD_RUNPATH_SEARCH_PATHS = (
					"$(inherited)",
					"@executable_path/Frameworks",
				);
				PRODUCT_BUNDLE_IDENTIFIER = BN.SwiftObjectiveCProject;
				PRODUCT_NAME = "$(TARGET_NAME)";
				SWIFT_OBJC_BRIDGING_HEADER = "SwiftObjectiveCProject/SwiftObjectiveCProject-Bridging-Header.h";
				SWIFT_VERSION = 5.0;
				TARGETED_DEVICE_FAMILY = "1,2";
			};
			name = Release;
		};
/* End XCBuildConfiguration section */

/* Begin XCConfigurationList section */
		73F5180623141C3F00E263FE /* Build configuration list for PBXProject "SwiftObjectiveCProject" */ = {
			isa = XCConfigurationList;
			buildConfigurations = (
				73F5181B23141C4000E263FE /* Debug */,
				73F5181C23141C4000E263FE /* Release */,
			);
			defaultConfigurationIsVisible = 0;
			defaultConfigurationName = Release;
		};
		73F5181D23141C4000E263FE /* Build configuration list for PBXNativeTarget "SwiftObjectiveCProject" */ = {
			isa = XCConfigurationList;
			buildConfigurations = (
				73F5181E23141C4000E263FE /* Debug */,
				73F5181F23141C4000E263FE /* Release */,
			);
			defaultConfigurationIsVisible = 0;
			defaultConfigurationName = Release;
		};
/* End XCConfigurationList section */
	};
	rootObject = 73F5180323141C3F00E263FE /* Project object */;
}
